github.com/epyon0/goUtils v0.0.0-20250819173713-a0a39b665036 h1:kStdZ40qkp7hUic6zT7cNk4ux06E+RpwApeCjV+ItN0=
github.com/epyon0/goUtils v0.0.0-20250819173713-a0a39b665036/go.mod h1:RCsjQghzHAszArfLZAVSFz5ODUIth89v81aIGzEM1sQ=
github.com/hallidave/mibtool v0.2.0 h1:YDjnM5PkYJTsetmXJA9E2id4Uhuv8FW0b7VniVLU54Q=
github.com/hallidave/mibtool v0.2.0/go.mod h1:qk2k0nT5wxQPdHqIm2ErOg+h+P8gKpE+26nft0GHp68=
